
Microsoft Visual Studio Solution File, Format Version 12.00
# Visual Studio Version 16
VisualStudioVersion = 16.0.31729.503
MinimumVisualStudioVersion = 10.0.40219.1
Project("{FAE04EC0-301F-11D3-BF4B-00C04F79EFBC}") = "MVCLayout", "MVCLayout\MVCLayout.csproj", "{0855B3AB-EC7F-49AA-9570-5FE18431B106}"
EndProject
Global
	GlobalSection(SolutionConfigurationPlatforms) = preSolution
		Debug|Any CPU = Debug|Any CPU
		Release|Any CPU = Release|Any CPU
	EndGlobalSection
	GlobalSection(ProjectConfigurationPlatforms) = postSolution
		{0855B3AB-EC7F-49AA-9570-5FE18431B106}.Debug|Any CPU.ActiveCfg = Debug|Any CPU
		{0855B3AB-EC7F-49AA-9570-5FE18431B106}.Debug|Any CPU.Build.0 = Debug|Any CPU
		{0855B3AB-EC7F-49AA-9570-5FE18431B106}.Release|Any CPU.ActiveCfg = Release|Any CPU
		{0855B3AB-EC7F-49AA-9570-5FE18431B106}.Release|Any CPU.Build.0 = Release|Any CPU
	EndGlobalSection
	GlobalSection(SolutionProperties) = preSolution
		HideSolutionNode = FALSE
	EndGlobalSection
	GlobalSection(ExtensibilityGlobals) = postSolution
		SolutionGuid = {C421EA83-F3C0-4A49-9EB2-D5149D61186F}
	EndGlobalSection
EndGlobal
